
Microsoft Visual Studio Solution File, Format Version 12.00
# Visual Studio 15
Project("{FAE04EC0-301F-11D3-BF4B-00C04F79EFBC}") = "UnityEngine.UI", "UnityEngine.UI.csproj", "{F000A5C8-2BD1-E22E-C71B-E1E294575A3C}"
EndProject
Project("{FAE04EC0-301F-11D3-BF4B-00C04F79EFBC}") = "UnityEngine.TestRunner", "UnityEngine.TestRunner.csproj", "{FC4FEDFC-50EA-C6BA-36A0-24B7BED4385D}"
EndProject
Project("{FAE04EC0-301F-11D3-BF4B-00C04F79EFBC}") = "Unity.Mathematics", "Unity.Mathematics.csproj", "{8DCBECB7-9905-E9B5-4556-03E9A0C20C86}"
EndProject
Project("{FAE04EC0-301F-11D3-BF4B-00C04F79EFBC}") = "Unity.2D.Animation.Triangle.Runtime", "Unity.2D.Animation.Triangle.Runtime.csproj", "{4A9F6C75-6924-67EC-6591-3A5D4EA86A8A}"
EndProject
Project("{FAE04EC0-301F-11D3-BF4B-00C04F79EFBC}") = "Unity.Timeline", "Unity.Timeline.csproj", "{1C039732-B961-492F-156C-0FC2FFF53378}"
EndProject
Project("{FAE04EC0-301F-11D3-BF4B-00C04F79EFBC}") = "Unity.TextMeshPro", "Unity.TextMeshPro.csproj", "{BD685702-4480-67B9-5552-408AFF1DE722}"
EndProject
Project("{FAE04EC0-301F-11D3-BF4B-00C04F79EFBC}") = "Unity.2D.Animation.Runtime", "Unity.2D.Animation.Runtime.csproj", "{8E835444-C863-8409-9966-81C778579639}"
EndProject
Project("{FAE04EC0-301F-11D3-BF4B-00C04F79EFBC}") = "Unity.2D.IK.Runtime", "Unity.2D.IK.Runtime.csproj", "{41F7C230-AAE7-22F8-21C5-7BE7B621F1B9}"
EndProject
Project("{FAE04EC0-301F-11D3-BF4B-00C04F79EFBC}") = "Unity.2D.SpriteShape.Runtime", "Unity.2D.SpriteShape.Runtime.csproj", "{CCF2B8AB-5246-9187-F991-C50EE7A1446B}"
EndProject
Project("{FAE04EC0-301F-11D3-BF4B-00C04F79EFBC}") = "Unity.2D.PixelPerfect", "Unity.2D.PixelPerfect.csproj", "{DE895159-F6F2-8D83-E8C9-B5393A58E832}"
EndProject
Project("{FAE04EC0-301F-11D3-BF4B-00C04F79EFBC}") = "Assembly-CSharp", "Assembly-CSharp.csproj", "{81BD16B3-FA14-3FDF-306F-368FBCD6DF9F}"
EndProject
Project("{FAE04EC0-301F-11D3-BF4B-00C04F79EFBC}") = "Unity.2D.Common.Runtime", "Unity.2D.Common.Runtime.csproj", "{B8AFD733-4CDB-EE18-15D8-283DD024410B}"
EndProject
Project("{FAE04EC0-301F-11D3-BF4B-00C04F79EFBC}") = "Unity.InternalAPIEngineBridge.001", "Unity.InternalAPIEngineBridge.001.csproj", "{8C94CA4C-BFDF-B88C-5598-6CC2C08C362E}"
EndProject
Project("{FAE04EC0-301F-11D3-BF4B-00C04F79EFBC}") = "UnityEditor.TestRunner", "UnityEditor.TestRunner.csproj", "{2426870E-A4BE-33A8-5320-3A060B1300BB}"
EndProject
Project("{FAE04EC0-301F-11D3-BF4B-00C04F79EFBC}") = "Unity.PlasticSCM.Editor", "Unity.PlasticSCM.Editor.csproj", "{8C8DB2D7-ED86-5638-C859-0D63A8BF326F}"
EndProject
Project("{FAE04EC0-301F-11D3-BF4B-00C04F79EFBC}") = "UnityEditor.UI", "UnityEditor.UI.csproj", "{9816686E-B765-FAA9-D300-01DBC17617D5}"
EndProject
Project("{FAE04EC0-301F-11D3-BF4B-00C04F79EFBC}") = "Unity.Services.Core.Editor", "Unity.Services.Core.Editor.csproj", "{3E1F3750-8369-C266-AC8A-49383B78AAFF}"
EndProject
Project("{FAE04EC0-301F-11D3-BF4B-00C04F79EFBC}") = "Unity.Timeline.Editor", "Unity.Timeline.Editor.csproj", "{BA47DEA4-129E-DA3E-9446-AB692977F46A}"
EndProject
Project("{FAE04EC0-301F-11D3-BF4B-00C04F79EFBC}") = "Unity.VisualStudio.Editor", "Unity.VisualStudio.Editor.csproj", "{ABF1A2B7-E42F-AD59-299C-99FFDF9043A7}"
EndProject
Project("{FAE04EC0-301F-11D3-BF4B-00C04F79EFBC}") = "Unity.2D.Psdimporter.Editor", "Unity.2D.Psdimporter.Editor.csproj", "{8DA86A60-2BE0-DACF-6241-F58CD5BB93CC}"
EndProject
Project("{FAE04EC0-301F-11D3-BF4B-00C04F79EFBC}") = "Unity.2D.Animation.Editor", "Unity.2D.Animation.Editor.csproj", "{7C3C67AA-B737-DAB2-EC46-FD6D9DD29129}"
EndProject
Project("{FAE04EC0-301F-11D3-BF4B-00C04F79EFBC}") = "Unity.TextMeshPro.Editor", "Unity.TextMeshPro.Editor.csproj", "{8BF5F241-0907-586D-9531-CA20108C3970}"
EndProject
Project("{FAE04EC0-301F-11D3-BF4B-00C04F79EFBC}") = "Unity.2D.SpriteShape.Editor", "Unity.2D.SpriteShape.Editor.csproj", "{74606823-5F06-4543-3557-D027B7733E35}"
EndProject
Project("{FAE04EC0-301F-11D3-BF4B-00C04F79EFBC}") = "Unity.CollabProxy.Editor", "Unity.CollabProxy.Editor.csproj", "{B3D56FE1-C0FD-CFC4-EBF8-03D3551C869D}"
EndProject
Project("{FAE04EC0-301F-11D3-BF4B-00C04F79EFBC}") = "PsdPlugin", "PsdPlugin.csproj", "{FEC600FF-1CB1-9271-BD4E-0E34EC01C250}"
EndProject
Project("{FAE04EC0-301F-11D3-BF4B-00C04F79EFBC}") = "Unity.2D.Path.Editor", "Unity.2D.Path.Editor.csproj", "{F7032777-6740-5E68-35AD-D3DD9A8BE940}"
EndProject
Project("{FAE04EC0-301F-11D3-BF4B-00C04F79EFBC}") = "Unity.Rider.Editor", "Unity.Rider.Editor.csproj", "{F5C77B9B-5BEB-B8BF-7353-6FFEFA1A56B8}"
EndProject
Project("{FAE04EC0-301F-11D3-BF4B-00C04F79EFBC}") = "Unity.2D.IK.Editor", "Unity.2D.IK.Editor.csproj", "{24FB1DAC-A4A9-2CB3-35A9-5B93E3ACB388}"
EndProject
Project("{FAE04EC0-301F-11D3-BF4B-00C04F79EFBC}") = "Unity.2D.Sprite.Editor", "Unity.2D.Sprite.Editor.csproj", "{10A16A7E-5993-B9B5-CED4-9877EECA25AD}"
EndProject
Project("{FAE04EC0-301F-11D3-BF4B-00C04F79EFBC}") = "Unity.2D.Tilemap.Editor", "Unity.2D.Tilemap.Editor.csproj", "{5F53589D-9BB9-39BB-6DB8-712E237F3FFB}"
EndProject
Project("{FAE04EC0-301F-11D3-BF4B-00C04F79EFBC}") = "Unity.2D.PixelPerfect.Editor", "Unity.2D.PixelPerfect.Editor.csproj", "{BBF47E58-86AA-70CF-45C6-145F6FCE410B}"
EndProject
Project("{FAE04EC0-301F-11D3-BF4B-00C04F79EFBC}") = "Unity.VSCode.Editor", "Unity.VSCode.Editor.csproj", "{144C1F56-D615-C3F7-731A-4811FBB333F0}"
EndProject
Project("{FAE04EC0-301F-11D3-BF4B-00C04F79EFBC}") = "Unity.2D.Common.Editor", "Unity.2D.Common.Editor.csproj", "{4E2526DA-562C-FF0B-2E82-53936C1674A3}"
EndProject
Project("{FAE04EC0-301F-11D3-BF4B-00C04F79EFBC}") = "Unity.Mathematics.Editor", "Unity.Mathematics.Editor.csproj", "{8BD807E7-21C6-4AC9-B2A5-6A40D982F37C}"
EndProject
Project("{FAE04EC0-301F-11D3-BF4B-00C04F79EFBC}") = "Unity.InternalAPIEditorBridge.001", "Unity.InternalAPIEditorBridge.001.csproj", "{9C66CE4C-8EA1-D517-F048-A09711EC9193}"
EndProject
Project("{FAE04EC0-301F-11D3-BF4B-00C04F79EFBC}") = "UnityEngine.UI", "UnityEngine.UI.Player.csproj", "{842FEBA7-2983-2F07-B32E-F808EDCF69C0}"
EndProject
Project("{FAE04EC0-301F-11D3-BF4B-00C04F79EFBC}") = "UnityEngine.TestRunner", "UnityEngine.TestRunner.Player.csproj", "{2ECD36BD-3033-22D5-69B2-8DD493D55A42}"
EndProject
Project("{FAE04EC0-301F-11D3-BF4B-00C04F79EFBC}") = "Unity.Mathematics", "Unity.Mathematics.Player.csproj", "{D7A7F489-7578-4F30-2DC4-2D3C1883C2C9}"
EndProject
Project("{FAE04EC0-301F-11D3-BF4B-00C04F79EFBC}") = "Unity.2D.Animation.Triangle.Runtime", "Unity.2D.Animation.Triangle.Runtime.Player.csproj", "{F6599506-ED29-81A6-B030-30F13191EABB}"
EndProject
Project("{FAE04EC0-301F-11D3-BF4B-00C04F79EFBC}") = "Unity.Timeline", "Unity.Timeline.Player.csproj", "{BDB1F0DC-9592-D500-6007-82AC8EB99E37}"
EndProject
Project("{FAE04EC0-301F-11D3-BF4B-00C04F79EFBC}") = "Unity.TextMeshPro", "Unity.TextMeshPro.Player.csproj", "{C5D76112-C3E6-ED7D-5B9D-805218F88D11}"
EndProject
Project("{FAE04EC0-301F-11D3-BF4B-00C04F79EFBC}") = "Unity.2D.Animation.Runtime", "Unity.2D.Animation.Runtime.Player.csproj", "{6185FA25-76DE-D9F8-2D02-3F2968A6F079}"
EndProject
Project("{FAE04EC0-301F-11D3-BF4B-00C04F79EFBC}") = "Unity.2D.IK.Runtime", "Unity.2D.IK.Runtime.Player.csproj", "{E7B2B2F2-FFD3-CFF8-3B60-D2BF107EEE81}"
EndProject
Project("{FAE04EC0-301F-11D3-BF4B-00C04F79EFBC}") = "Unity.2D.SpriteShape.Runtime", "Unity.2D.SpriteShape.Runtime.Player.csproj", "{3269456D-AEC5-2742-D7BA-D222DA52252C}"
EndProject
Project("{FAE04EC0-301F-11D3-BF4B-00C04F79EFBC}") = "Unity.2D.PixelPerfect", "Unity.2D.PixelPerfect.Player.csproj", "{EFED17AB-7716-3BA4-B3D5-21A7E08921AE}"
EndProject
Project("{FAE04EC0-301F-11D3-BF4B-00C04F79EFBC}") = "Assembly-CSharp", "Assembly-CSharp.Player.csproj", "{085B2BF8-E011-2A22-6C7D-DA2FC3FE7D9B}"
EndProject
Project("{FAE04EC0-301F-11D3-BF4B-00C04F79EFBC}") = "Unity.2D.Common.Runtime", "Unity.2D.Common.Runtime.Player.csproj", "{0C0F685F-5A94-0935-1558-F924E249546D}"
EndProject
Project("{FAE04EC0-301F-11D3-BF4B-00C04F79EFBC}") = "Unity.InternalAPIEngineBridge.001", "Unity.InternalAPIEngineBridge.001.Player.csproj", "{187A83C9-7A43-6E93-DCC8-E74BA26D2BB7}"
EndProject
Global
	GlobalSection(SolutionConfigurationPlatforms) = preSolution
		Debug|Any CPU = Debug|Any CPU
		Release|Any CPU = Release|Any CPU
	EndGlobalSection
	GlobalSection(ProjectConfigurationPlatforms) = postSolution
		{F000A5C8-2BD1-E22E-C71B-E1E294575A3C}.Debug|Any CPU.ActiveCfg = Debug|Any CPU
		{F000A5C8-2BD1-E22E-C71B-E1E294575A3C}.Debug|Any CPU.Build.0 = Debug|Any CPU
		{F000A5C8-2BD1-E22E-C71B-E1E294575A3C}.Release|Any CPU.ActiveCfg = Release|Any CPU
		{F000A5C8-2BD1-E22E-C71B-E1E294575A3C}.Release|Any CPU.Build.0 = Release|Any CPU
		{FC4FEDFC-50EA-C6BA-36A0-24B7BED4385D}.Debug|Any CPU.ActiveCfg = Debug|Any CPU
		{FC4FEDFC-50EA-C6BA-36A0-24B7BED4385D}.Debug|Any CPU.Build.0 = Debug|Any CPU
		{FC4FEDFC-50EA-C6BA-36A0-24B7BED4385D}.Release|Any CPU.ActiveCfg = Release|Any CPU
		{FC4FEDFC-50EA-C6BA-36A0-24B7BED4385D}.Release|Any CPU.Build.0 = Release|Any CPU
		{8DCBECB7-9905-E9B5-4556-03E9A0C20C86}.Debug|Any CPU.ActiveCfg = Debug|Any CPU
		{8DCBECB7-9905-E9B5-4556-03E9A0C20C86}.Debug|Any CPU.Build.0 = Debug|Any CPU
		{8DCBECB7-9905-E9B5-4556-03E9A0C20C86}.Release|Any CPU.ActiveCfg = Release|Any CPU
		{8DCBECB7-9905-E9B5-4556-03E9A0C20C86}.Release|Any CPU.Build.0 = Release|Any CPU
		{4A9F6C75-6924-67EC-6591-3A5D4EA86A8A}.Debug|Any CPU.ActiveCfg = Debug|Any CPU
		{4A9F6C75-6924-67EC-6591-3A5D4EA86A8A}.Debug|Any CPU.Build.0 = Debug|Any CPU
		{4A9F6C75-6924-67EC-6591-3A5D4EA86A8A}.Release|Any CPU.ActiveCfg = Release|Any CPU
		{4A9F6C75-6924-67EC-6591-3A5D4EA86A8A}.Release|Any CPU.Build.0 = Release|Any CPU
		{1C039732-B961-492F-156C-0FC2FFF53378}.Debug|Any CPU.ActiveCfg = Debug|Any CPU
		{1C039732-B961-492F-156C-0FC2FFF53378}.Debug|Any CPU.Build.0 = Debug|Any CPU
		{1C039732-B961-492F-156C-0FC2FFF53378}.Release|Any CPU.ActiveCfg = Release|Any CPU
		{1C039732-B961-492F-156C-0FC2FFF53378}.Release|Any CPU.Build.0 = Release|Any CPU
		{BD685702-4480-67B9-5552-408AFF1DE722}.Debug|Any CPU.ActiveCfg = Debug|Any CPU
		{BD685702-4480-67B9-5552-408AFF1DE722}.Debug|Any CPU.Build.0 = Debug|Any CPU
		{BD685702-4480-67B9-5552-408AFF1DE722}.Release|Any CPU.ActiveCfg = Release|Any CPU
		{BD685702-4480-67B9-5552-408AFF1DE722}.Release|Any CPU.Build.0 = Release|Any CPU
		{8E835444-C863-8409-9966-81C778579639}.Debug|Any CPU.ActiveCfg = Debug|Any CPU
		{8E835444-C863-8409-9966-81C778579639}.Debug|Any CPU.Build.0 = Debug|Any CPU
		{8E835444-C863-8409-9966-81C778579639}.Release|Any CPU.ActiveCfg = Release|Any CPU
		{8E835444-C863-8409-9966-81C778579639}.Release|Any CPU.Build.0 = Release|Any CPU
		{41F7C230-AAE7-22F8-21C5-7BE7B621F1B9}.Debug|Any CPU.ActiveCfg = Debug|Any CPU
		{41F7C230-AAE7-22F8-21C5-7BE7B621F1B9}.Debug|Any CPU.Build.0 = Debug|Any CPU
		{41F7C230-AAE7-22F8-21C5-7BE7B621F1B9}.Release|Any CPU.ActiveCfg = Release|Any CPU
		{41F7C230-AAE7-22F8-21C5-7BE7B621F1B9}.Release|Any CPU.Build.0 = Release|Any CPU
		{CCF2B8AB-5246-9187-F991-C50EE7A1446B}.Debug|Any CPU.ActiveCfg = Debug|Any CPU
		{CCF2B8AB-5246-9187-F991-C50EE7A1446B}.Debug|Any CPU.Build.0 = Debug|Any CPU
		{CCF2B8AB-5246-9187-F991-C50EE7A1446B}.Release|Any CPU.ActiveCfg = Release|Any CPU
		{CCF2B8AB-5246-9187-F991-C50EE7A1446B}.Release|Any CPU.Build.0 = Release|Any CPU
		{DE895159-F6F2-8D83-E8C9-B5393A58E832}.Debug|Any CPU.ActiveCfg = Debug|Any CPU
		{DE895159-F6F2-8D83-E8C9-B5393A58E832}.Debug|Any CPU.Build.0 = Debug|Any CPU
		{DE895159-F6F2-8D83-E8C9-B5393A58E832}.Release|Any CPU.ActiveCfg = Release|Any CPU
		{DE895159-F6F2-8D83-E8C9-B5393A58E832}.Release|Any CPU.Build.0 = Release|Any CPU
		{81BD16B3-FA14-3FDF-306F-368FBCD6DF9F}.Debug|Any CPU.ActiveCfg = Debug|Any CPU
		{81BD16B3-FA14-3FDF-306F-368FBCD6DF9F}.Debug|Any CPU.Build.0 = Debug|Any CPU
		{81BD16B3-FA14-3FDF-306F-368FBCD6DF9F}.Release|Any CPU.ActiveCfg = Release|Any CPU
		{81BD16B3-FA14-3FDF-306F-368FBCD6DF9F}.Release|Any CPU.Build.0 = Release|Any CPU
		{B8AFD733-4CDB-EE18-15D8-283DD024410B}.Debug|Any CPU.ActiveCfg = Debug|Any CPU
		{B8AFD733-4CDB-EE18-15D8-283DD024410B}.Debug|Any CPU.Build.0 = Debug|Any CPU
		{B8AFD733-4CDB-EE18-15D8-283DD024410B}.Release|Any CPU.ActiveCfg = Release|Any CPU
		{B8AFD733-4CDB-EE18-15D8-283DD024410B}.Release|Any CPU.Build.0 = Release|Any CPU
		{8C94CA4C-BFDF-B88C-5598-6CC2C08C362E}.Debug|Any CPU.ActiveCfg = Debug|Any CPU
		{8C94CA4C-BFDF-B88C-5598-6CC2C08C362E}.Debug|Any CPU.Build.0 = Debug|Any CPU
		{8C94CA4C-BFDF-B88C-5598-6CC2C08C362E}.Release|Any CPU.ActiveCfg = Release|Any CPU
		{8C94CA4C-BFDF-B88C-5598-6CC2C08C362E}.Release|Any CPU.Build.0 = Release|Any CPU
		{2426870E-A4BE-33A8-5320-3A060B1300BB}.Debug|Any CPU.ActiveCfg = Debug|Any CPU
		{2426870E-A4BE-33A8-5320-3A060B1300BB}.Debug|Any CPU.Build.0 = Debug|Any CPU
		{2426870E-A4BE-33A8-5320-3A060B1300BB}.Release|Any CPU.ActiveCfg = Release|Any CPU
		{2426870E-A4BE-33A8-5320-3A060B1300BB}.Release|Any CPU.Build.0 = Release|Any CPU
		{8C8DB2D7-ED86-5638-C859-0D63A8BF326F}.Debug|Any CPU.ActiveCfg = Debug|Any CPU
		{8C8DB2D7-ED86-5638-C859-0D63A8BF326F}.Debug|Any CPU.Build.0 = Debug|Any CPU
		{8C8DB2D7-ED86-5638-C859-0D63A8BF326F}.Release|Any CPU.ActiveCfg = Release|Any CPU
		{8C8DB2D7-ED86-5638-C859-0D63A8BF326F}.Release|Any CPU.Build.0 = Release|Any CPU
		{9816686E-B765-FAA9-D300-01DBC17617D5}.Debug|Any CPU.ActiveCfg = Debug|Any CPU
		{9816686E-B765-FAA9-D300-01DBC17617D5}.Debug|Any CPU.Build.0 = Debug|Any CPU
		{9816686E-B765-FAA9-D300-01DBC17617D5}.Release|Any CPU.ActiveCfg = Release|Any CPU
		{9816686E-B765-FAA9-D300-01DBC17617D5}.Release|Any CPU.Build.0 = Release|Any CPU
		{3E1F3750-8369-C266-AC8A-49383B78AAFF}.Debug|Any CPU.ActiveCfg = Debug|Any CPU
		{3E1F3750-8369-C266-AC8A-49383B78AAFF}.Debug|Any CPU.Build.0 = Debug|Any CPU
		{3E1F3750-8369-C266-AC8A-49383B78AAFF}.Release|Any CPU.ActiveCfg = Release|Any CPU
		{3E1F3750-8369-C266-AC8A-49383B78AAFF}.Release|Any CPU.Build.0 = Release|Any CPU
		{BA47DEA4-129E-DA3E-9446-AB692977F46A}.Debug|Any CPU.ActiveCfg = Debug|Any CPU
		{BA47DEA4-129E-DA3E-9446-AB692977F46A}.Debug|Any CPU.Build.0 = Debug|Any CPU
		{BA47DEA4-129E-DA3E-9446-AB692977F46A}.Release|Any CPU.ActiveCfg = Release|Any CPU
		{BA47DEA4-129E-DA3E-9446-AB692977F46A}.Release|Any CPU.Build.0 = Release|Any CPU
		{ABF1A2B7-E42F-AD59-299C-99FFDF9043A7}.Debug|Any CPU.ActiveCfg = Debug|Any CPU
		{ABF1A2B7-E42F-AD59-299C-99FFDF9043A7}.Debug|Any CPU.Build.0 = Debug|Any CPU
		{ABF1A2B7-E42F-AD59-299C-99FFDF9043A7}.Release|Any CPU.ActiveCfg = Release|Any CPU
		{ABF1A2B7-E42F-AD59-299C-99FFDF9043A7}.Release|Any CPU.Build.0 = Release|Any CPU
		{8DA86A60-2BE0-DACF-6241-F58CD5BB93CC}.Debug|Any CPU.ActiveCfg = Debug|Any CPU
		{8DA86A60-2BE0-DACF-6241-F58CD5BB93CC}.Debug|Any CPU.Build.0 = Debug|Any CPU
		{8DA86A60-2BE0-DACF-6241-F58CD5BB93CC}.Release|Any CPU.ActiveCfg = Release|Any CPU
		{8DA86A60-2BE0-DACF-6241-F58CD5BB93CC}.Release|Any CPU.Build.0 = Release|Any CPU
		{7C3C67AA-B737-DAB2-EC46-FD6D9DD29129}.Debug|Any CPU.ActiveCfg = Debug|Any CPU
		{7C3C67AA-B737-DAB2-EC46-FD6D9DD29129}.Debug|Any CPU.Build.0 = Debug|Any CPU
		{7C3C67AA-B737-DAB2-EC46-FD6D9DD29129}.Release|Any CPU.ActiveCfg = Release|Any CPU
		{7C3C67AA-B737-DAB2-EC46-FD6D9DD29129}.Release|Any CPU.Build.0 = Release|Any CPU
		{8BF5F241-0907-586D-9531-CA20108C3970}.Debug|Any CPU.ActiveCfg = Debug|Any CPU
		{8BF5F241-0907-586D-9531-CA20108C3970}.Debug|Any CPU.Build.0 = Debug|Any CPU
		{8BF5F241-0907-586D-9531-CA20108C3970}.Release|Any CPU.ActiveCfg = Release|Any CPU
		{8BF5F241-0907-586D-9531-CA20108C3970}.Release|Any CPU.Build.0 = Release|Any CPU
		{74606823-5F06-4543-3557-D027B7733E35}.Debug|Any CPU.ActiveCfg = Debug|Any CPU
		{74606823-5F06-4543-3557-D027B7733E35}.Debug|Any CPU.Build.0 = Debug|Any CPU
		{74606823-5F06-4543-3557-D027B7733E35}.Release|Any CPU.ActiveCfg = Release|Any CPU
		{74606823-5F06-4543-3557-D027B7733E35}.Release|Any CPU.Build.0 = Release|Any CPU
		{B3D56FE1-C0FD-CFC4-EBF8-03D3551C869D}.Debug|Any CPU.ActiveCfg = Debug|Any CPU
		{B3D56FE1-C0FD-CFC4-EBF8-03D3551C869D}.Debug|Any CPU.Build.0 = Debug|Any CPU
		{B3D56FE1-C0FD-CFC4-EBF8-03D3551C869D}.Release|Any CPU.ActiveCfg = Release|Any CPU
		{B3D56FE1-C0FD-CFC4-EBF8-03D3551C869D}.Release|Any CPU.Build.0 = Release|Any CPU
		{FEC600FF-1CB1-9271-BD4E-0E34EC01C250}.Debug|Any CPU.ActiveCfg = Debug|Any CPU
		{FEC600FF-1CB1-9271-BD4E-0E34EC01C250}.Debug|Any CPU.Build.0 = Debug|Any CPU
		{FEC600FF-1CB1-9271-BD4E-0E34EC01C250}.Release|Any CPU.ActiveCfg = Release|Any CPU
		{FEC600FF-1CB1-9271-BD4E-0E34EC01C250}.Release|Any CPU.Build.0 = Release|Any CPU
		{F7032777-6740-5E68-35AD-D3DD9A8BE940}.Debug|Any CPU.ActiveCfg = Debug|Any CPU
		{F7032777-6740-5E68-35AD-D3DD9A8BE940}.Debug|Any CPU.Build.0 = Debug|Any CPU
		{F7032777-6740-5E68-35AD-D3DD9A8BE940}.Release|Any CPU.ActiveCfg = Release|Any CPU
		{F7032777-6740-5E68-35AD-D3DD9A8BE940}.Release|Any CPU.Build.0 = Release|Any CPU
		{F5C77B9B-5BEB-B8BF-7353-6FFEFA1A56B8}.Debug|Any CPU.ActiveCfg = Debug|Any CPU
		{F5C77B9B-5BEB-B8BF-7353-6FFEFA1A56B8}.Debug|Any CPU.Build.0 = Debug|Any CPU
		{F5C77B9B-5BEB-B8BF-7353-6FFEFA1A56B8}.Release|Any CPU.ActiveCfg = Release|Any CPU
		{F5C77B9B-5BEB-B8BF-7353-6FFEFA1A56B8}.Release|Any CPU.Build.0 = Release|Any CPU
		{24FB1DAC-A4A9-2CB3-35A9-5B93E3ACB388}.Debug|Any CPU.ActiveCfg = Debug|Any CPU
		{24FB1DAC-A4A9-2CB3-35A9-5B93E3ACB388}.Debug|Any CPU.Build.0 = Debug|Any CPU
		{24FB1DAC-A4A9-2CB3-35A9-5B93E3ACB388}.Release|Any CPU.ActiveCfg = Release|Any CPU
		{24FB1DAC-A4A9-2CB3-35A9-5B93E3ACB388}.Release|Any CPU.Build.0 = Release|Any CPU
		{10A16A7E-5993-B9B5-CED4-9877EECA25AD}.Debug|Any CPU.ActiveCfg = Debug|Any CPU
		{10A16A7E-5993-B9B5-CED4-9877EECA25AD}.Debug|Any CPU.Build.0 = Debug|Any CPU
		{10A16A7E-5993-B9B5-CED4-9877EECA25AD}.Release|Any CPU.ActiveCfg = Release|Any CPU
		{10A16A7E-5993-B9B5-CED4-9877EECA25AD}.Release|Any CPU.Build.0 = Release|Any CPU
		{5F53589D-9BB9-39BB-6DB8-712E237F3FFB}.Debug|Any CPU.ActiveCfg = Debug|Any CPU
		{5F53589D-9BB9-39BB-6DB8-712E237F3FFB}.Debug|Any CPU.Build.0 = Debug|Any CPU
		{5F53589D-9BB9-39BB-6DB8-712E237F3FFB}.Release|Any CPU.ActiveCfg = Release|Any CPU
		{5F53589D-9BB9-39BB-6DB8-712E237F3FFB}.Release|Any CPU.Build.0 = Release|Any CPU
		{BBF47E58-86AA-70CF-45C6-145F6FCE410B}.Debug|Any CPU.ActiveCfg = Debug|Any CPU
		{BBF47E58-86AA-70CF-45C6-145F6FCE410B}.Debug|Any CPU.Build.0 = Debug|Any CPU
		{BBF47E58-86AA-70CF-45C6-145F6FCE410B}.Release|Any CPU.ActiveCfg = Release|Any CPU
		{BBF47E58-86AA-70CF-45C6-145F6FCE410B}.Release|Any CPU.Build.0 = Release|Any CPU
		{144C1F56-D615-C3F7-731A-4811FBB333F0}.Debug|Any CPU.ActiveCfg = Debug|Any CPU
		{144C1F56-D615-C3F7-731A-4811FBB333F0}.Debug|Any CPU.Build.0 = Debug|Any CPU
		{144C1F56-D615-C3F7-731A-4811FBB333F0}.Release|Any CPU.ActiveCfg = Release|Any CPU
		{144C1F56-D615-C3F7-731A-4811FBB333F0}.Release|Any CPU.Build.0 = Release|Any CPU
		{4E2526DA-562C-FF0B-2E82-53936C1674A3}.Debug|Any CPU.ActiveCfg = Debug|Any CPU
		{4E2526DA-562C-FF0B-2E82-53936C1674A3}.Debug|Any CPU.Build.0 = Debug|Any CPU
		{4E2526DA-562C-FF0B-2E82-53936C1674A3}.Release|Any CPU.ActiveCfg = Release|Any CPU
		{4E2526DA-562C-FF0B-2E82-53936C1674A3}.Release|Any CPU.Build.0 = Release|Any CPU
		{8BD807E7-21C6-4AC9-B2A5-6A40D982F37C}.Debug|Any CPU.ActiveCfg = Debug|Any CPU
		{8BD807E7-21C6-4AC9-B2A5-6A40D982F37C}.Debug|Any CPU.Build.0 = Debug|Any CPU
		{8BD807E7-21C6-4AC9-B2A5-6A40D982F37C}.Release|Any CPU.ActiveCfg = Release|Any CPU
		{8BD807E7-21C6-4AC9-B2A5-6A40D982F37C}.Release|Any CPU.Build.0 = Release|Any CPU
		{9C66CE4C-8EA1-D517-F048-A09711EC9193}.Debug|Any CPU.ActiveCfg = Debug|Any CPU
		{9C66CE4C-8EA1-D517-F048-A09711EC9193}.Debug|Any CPU.Build.0 = Debug|Any CPU
		{9C66CE4C-8EA1-D517-F048-A09711EC9193}.Release|Any CPU.ActiveCfg = Release|Any CPU
		{9C66CE4C-8EA1-D517-F048-A09711EC9193}.Release|Any CPU.Build.0 = Release|Any CPU
		{842FEBA7-2983-2F07-B32E-F808EDCF69C0}.Debug|Any CPU.ActiveCfg = Debug|Any CPU
		{842FEBA7-2983-2F07-B32E-F808EDCF69C0}.Debug|Any CPU.Build.0 = Debug|Any CPU
		{842FEBA7-2983-2F07-B32E-F808EDCF69C0}.Release|Any CPU.ActiveCfg = Release|Any CPU
		{842FEBA7-2983-2F07-B32E-F808EDCF69C0}.Release|Any CPU.Build.0 = Release|Any CPU
		{2ECD36BD-3033-22D5-69B2-8DD493D55A42}.Debug|Any CPU.ActiveCfg = Debug|Any CPU
		{2ECD36BD-3033-22D5-69B2-8DD493D55A42}.Debug|Any CPU.Build.0 = Debug|Any CPU
		{2ECD36BD-3033-22D5-69B2-8DD493D55A42}.Release|Any CPU.ActiveCfg = Release|Any CPU
		{2ECD36BD-3033-22D5-69B2-8DD493D55A42}.Release|Any CPU.Build.0 = Release|Any CPU
		{D7A7F489-7578-4F30-2DC4-2D3C1883C2C9}.Debug|Any CPU.ActiveCfg = Debug|Any CPU
		{D7A7F489-7578-4F30-2DC4-2D3C1883C2C9}.Debug|Any CPU.Build.0 = Debug|Any CPU
		{D7A7F489-7578-4F30-2DC4-2D3C1883C2C9}.Release|Any CPU.ActiveCfg = Release|Any CPU
		{D7A7F489-7578-4F30-2DC4-2D3C1883C2C9}.Release|Any CPU.Build.0 = Release|Any CPU
		{F6599506-ED29-81A6-B030-30F13191EABB}.Debug|Any CPU.ActiveCfg = Debug|Any CPU
		{F6599506-ED29-81A6-B030-30F13191EABB}.Debug|Any CPU.Build.0 = Debug|Any CPU
		{F6599506-ED29-81A6-B030-30F13191EABB}.Release|Any CPU.ActiveCfg = Release|Any CPU
		{F6599506-ED29-81A6-B030-30F13191EABB}.Release|Any CPU.Build.0 = Release|Any CPU
		{BDB1F0DC-9592-D500-6007-82AC8EB99E37}.Debug|Any CPU.ActiveCfg = Debug|Any CPU
		{BDB1F0DC-9592-D500-6007-82AC8EB99E37}.Debug|Any CPU.Build.0 = Debug|Any CPU
		{BDB1F0DC-9592-D500-6007-82AC8EB99E37}.Release|Any CPU.ActiveCfg = Release|Any CPU
		{BDB1F0DC-9592-D500-6007-82AC8EB99E37}.Release|Any CPU.Build.0 = Release|Any CPU
		{C5D76112-C3E6-ED7D-5B9D-805218F88D11}.Debug|Any CPU.ActiveCfg = Debug|Any CPU
		{C5D76112-C3E6-ED7D-5B9D-805218F88D11}.Debug|Any CPU.Build.0 = Debug|Any CPU
		{C5D76112-C3E6-ED7D-5B9D-805218F88D11}.Release|Any CPU.ActiveCfg = Release|Any CPU
		{C5D76112-C3E6-ED7D-5B9D-805218F88D11}.Release|Any CPU.Build.0 = Release|Any CPU
		{6185FA25-76DE-D9F8-2D02-3F2968A6F079}.Debug|Any CPU.ActiveCfg = Debug|Any CPU
		{6185FA25-76DE-D9F8-2D02-3F2968A6F079}.Debug|Any CPU.Build.0 = Debug|Any CPU
		{6185FA25-76DE-D9F8-2D02-3F2968A6F079}.Release|Any CPU.ActiveCfg = Release|Any CPU
		{6185FA25-76DE-D9F8-2D02-3F2968A6F079}.Release|Any CPU.Build.0 = Release|Any CPU
		{E7B2B2F2-FFD3-CFF8-3B60-D2BF107EEE81}.Debug|Any CPU.ActiveCfg = Debug|Any CPU
		{E7B2B2F2-FFD3-CFF8-3B60-D2BF107EEE81}.Debug|Any CPU.Build.0 = Debug|Any CPU
		{E7B2B2F2-FFD3-CFF8-3B60-D2BF107EEE81}.Release|Any CPU.ActiveCfg = Release|Any CPU
		{E7B2B2F2-FFD3-CFF8-3B60-D2BF107EEE81}.Release|Any CPU.Build.0 = Release|Any CPU
		{3269456D-AEC5-2742-D7BA-D222DA52252C}.Debug|Any CPU.ActiveCfg = Debug|Any CPU
		{3269456D-AEC5-2742-D7BA-D222DA52252C}.Debug|Any CPU.Build.0 = Debug|Any CPU
		{3269456D-AEC5-2742-D7BA-D222DA52252C}.Release|Any CPU.ActiveCfg = Release|Any CPU
		{3269456D-AEC5-2742-D7BA-D222DA52252C}.Release|Any CPU.Build.0 = Release|Any CPU
		{EFED17AB-7716-3BA4-B3D5-21A7E08921AE}.Debug|Any CPU.ActiveCfg = Debug|Any CPU
		{EFED17AB-7716-3BA4-B3D5-21A7E08921AE}.Debug|Any CPU.Build.0 = Debug|Any CPU
		{EFED17AB-7716-3BA4-B3D5-21A7E08921AE}.Release|Any CPU.ActiveCfg = Release|Any CPU
		{EFED17AB-7716-3BA4-B3D5-21A7E08921AE}.Release|Any CPU.Build.0 = Release|Any CPU
		{085B2BF8-E011-2A22-6C7D-DA2FC3FE7D9B}.Debug|Any CPU.ActiveCfg = Debug|Any CPU
		{085B2BF8-E011-2A22-6C7D-DA2FC3FE7D9B}.Debug|Any CPU.Build.0 = Debug|Any CPU
		{085B2BF8-E011-2A22-6C7D-DA2FC3FE7D9B}.Release|Any CPU.ActiveCfg = Release|Any CPU
		{085B2BF8-E011-2A22-6C7D-DA2FC3FE7D9B}.Release|Any CPU.Build.0 = Release|Any CPU
		{0C0F685F-5A94-0935-1558-F924E249546D}.Debug|Any CPU.ActiveCfg = Debug|Any CPU
		{0C0F685F-5A94-0935-1558-F924E249546D}.Debug|Any CPU.Build.0 = Debug|Any CPU
		{0C0F685F-5A94-0935-1558-F924E249546D}.Release|Any CPU.ActiveCfg = Release|Any CPU
		{0C0F685F-5A94-0935-1558-F924E249546D}.Release|Any CPU.Build.0 = Release|Any CPU
		{187A83C9-7A43-6E93-DCC8-E74BA26D2BB7}.Debug|Any CPU.ActiveCfg = Debug|Any CPU
		{187A83C9-7A43-6E93-DCC8-E74BA26D2BB7}.Debug|Any CPU.Build.0 = Debug|Any CPU
		{187A83C9-7A43-6E93-DCC8-E74BA26D2BB7}.Release|Any CPU.ActiveCfg = Release|Any CPU
		{187A83C9-7A43-6E93-DCC8-E74BA26D2BB7}.Release|Any CPU.Build.0 = Release|Any CPU
	EndGlobalSection
	GlobalSection(SolutionProperties) = preSolution
		HideSolutionNode = FALSE
	EndGlobalSection
EndGlobal
